# THIS IS AN AUTOGENERATED FILE. DO NOT EDIT THIS FILE DIRECTLY.
# yarn lockfile v1


alexa-app@^2.4.0:
  version "2.4.0"
  resolved "https://registry.yarnpkg.com/alexa-app/-/alexa-app-2.4.0.tgz#78ef8eb8730111af529c69f16f0b5bbfca9f2c98"
  dependencies:
    alexa-utterances "^0.2.0"
    bluebird "^2.10.2"
    numbered "^1.0.0"

alexa-utterances@^0.2.0:
  version "0.2.1"
  resolved "https://registry.yarnpkg.com/alexa-utterances/-/alexa-utterances-0.2.1.tgz#f2b70b6afd3ad886711da8f994e7e49549e60bf1"
  dependencies:
    js-combinatorics "^0.5.0"
    numbered "^1.0.0"

bluebird@^2.10.2:
  version "2.11.0"
  resolved "https://registry.yarnpkg.com/bluebird/-/bluebird-2.11.0.tgz#534b9033c022c9579c56ba3b3e5a5caafbb650e1"

js-combinatorics@^0.5.0:
  version "0.5.2"
  resolved "https://registry.yarnpkg.com/js-combinatorics/-/js-combinatorics-0.5.2.tgz#f060749232ea1b770076ff97aed6cfa9ab41b8f4"

numbered@^1.0.0:
  version "1.0.0"
  resolved "https://registry.yarnpkg.com/numbered/-/numbered-1.0.0.tgz#45a40f728c8860101244bd008c3cab6ee9fa08ec"
